// !$*UTF8*$!
{
	archiveVersion = 1;
	classes = {
	};
	objectVersion = 55;
	objects = {

/* Begin PBXBuildFile section */
		6A4DD81028B7513D005B1827 /* AppDelegate.swift in Sources */ = {isa = PBXBuildFile; fileRef = 6A4DD80F28B7513D005B1827 /* AppDelegate.swift */; };
		6A4DD81228B7513D005B1827 /* SceneDelegate.swift in Sources */ = {isa = PBXBuildFile; fileRef = 6A4DD81128B7513D005B1827 /* SceneDelegate.swift */; };
		6A4DD81428B7513D005B1827 /* MainScreenVC.swift in Sources */ = {isa = PBXBuildFile; fileRef = 6A4DD81328B7513D005B1827 /* MainScreenVC.swift */; };
		6A4DD81728B7513D005B1827 /* Main.storyboard in Resources */ = {isa = PBXBuildFile; fileRef = 6A4DD81528B7513D005B1827 /* Main.storyboard */; };
		6A4DD81928B7513E005B1827 /* Assets.xcassets in Resources */ = {isa = PBXBuildFile; fileRef = 6A4DD81828B7513E005B1827 /* Assets.xcassets */; };
		6A4DD81C28B7513E005B1827 /* LaunchScreen.storyboard in Resources */ = {isa = PBXBuildFile; fileRef = 6A4DD81A28B7513E005B1827 /* LaunchScreen.storyboard */; };
		6A4DD82728B7513F005B1827 /* Test_EffectiveMobileTests.swift in Sources */ = {isa = PBXBuildFile; fileRef = 6A4DD82628B7513F005B1827 /* Test_EffectiveMobileTests.swift */; };
		6A4DD83128B7513F005B1827 /* Test_EffectiveMobileUITests.swift in Sources */ = {isa = PBXBuildFile; fileRef = 6A4DD83028B7513F005B1827 /* Test_EffectiveMobileUITests.swift */; };
		6A4DD83328B7513F005B1827 /* Test_EffectiveMobileUITestsLaunchTests.swift in Sources */ = {isa = PBXBuildFile; fileRef = 6A4DD83228B7513F005B1827 /* Test_EffectiveMobileUITestsLaunchTests.swift */; };
		6A4DD84328B751DD005B1827 /* NetworkManager.swift in Sources */ = {isa = PBXBuildFile; fileRef = 6A4DD84228B751DD005B1827 /* NetworkManager.swift */; };
		6A4DD84828B75BD5005B1827 /* CategoryCollectionViewCell.swift in Sources */ = {isa = PBXBuildFile; fileRef = 6A4DD84728B75BD5005B1827 /* CategoryCollectionViewCell.swift */; };
		6A4DD84A28B75C19005B1827 /* CategoryCollectionViewModel.swift in Sources */ = {isa = PBXBuildFile; fileRef = 6A4DD84928B75C19005B1827 /* CategoryCollectionViewModel.swift */; };
		6A4DD84C28B75D73005B1827 /* MainScreenPresenter.swift in Sources */ = {isa = PBXBuildFile; fileRef = 6A4DD84B28B75D73005B1827 /* MainScreenPresenter.swift */; };
		6A4DD84E28B75FC2005B1827 /* DataManager.swift in Sources */ = {isa = PBXBuildFile; fileRef = 6A4DD84D28B75FC2005B1827 /* DataManager.swift */; };
/* End PBXBuildFile section */

/* Begin PBXContainerItemProxy section */
		6A4DD82328B7513F005B1827 /* PBXContainerItemProxy */ = {
			isa = PBXContainerItemProxy;
			containerPortal = 6A4DD80428B7513D005B1827 /* Project object */;
			proxyType = 1;
			remoteGlobalIDString = 6A4DD80B28B7513D005B1827;
			remoteInfo = "Test-EffectiveMobile";
		};
		6A4DD82D28B7513F005B1827 /* PBXContainerItemProxy */ = {
			isa = PBXContainerItemProxy;
			containerPortal = 6A4DD80428B7513D005B1827 /* Project object */;
			proxyType = 1;
			remoteGlobalIDString = 6A4DD80B28B7513D005B1827;
			remoteInfo = "Test-EffectiveMobile";
		};
/* End PBXContainerItemProxy section */

/* Begin PBXFileReference section */
		6A4DD80C28B7513D005B1827 /* Test-EffectiveMobile.app */ = {isa = PBXFileReference; explicitFileType = wrapper.application; includeInIndex = 0; path = "Test-EffectiveMobile.app"; sourceTree = BUILT_PRODUCTS_DIR; };
		6A4DD80F28B7513D005B1827 /* AppDelegate.swift */ = {isa = PBXFileReference; lastKnownFileType = sourcecode.swift; path = AppDelegate.swift; sourceTree = "<group>"; };
		6A4DD81128B7513D005B1827 /* SceneDelegate.swift */ = {isa = PBXFileReference; lastKnownFileType = sourcecode.swift; path = SceneDelegate.swift; sourceTree = "<group>"; };
		6A4DD81328B7513D005B1827 /* MainScreenVC.swift */ = {isa = PBXFileReference; lastKnownFileType = sourcecode.swift; path = MainScreenVC.swift; sourceTree = "<group>"; };
		6A4DD81628B7513D005B1827 /* Base */ = {isa = PBXFileReference; lastKnownFileType = file.storyboard; name = Base; path = Base.lproj/Main.storyboard; sourceTree = "<group>"; };
		6A4DD81828B7513E005B1827 /* Assets.xcassets */ = {isa = PBXFileReference; lastKnownFileType = folder.assetcatalog; path = Assets.xcassets; sourceTree = "<group>"; };
		6A4DD81B28B7513E005B1827 /* Base */ = {isa = PBXFileReference; lastKnownFileType = file.storyboard; name = Base; path = Base.lproj/LaunchScreen.storyboard; sourceTree = "<group>"; };
		6A4DD81D28B7513E005B1827 /* Info.plist */ = {isa = PBXFileReference; lastKnownFileType = text.plist.xml; path = Info.plist; sourceTree = "<group>"; };
		6A4DD82228B7513F005B1827 /* Test-EffectiveMobileTests.xctest */ = {isa = PBXFileReference; explicitFileType = wrapper.cfbundle; includeInIndex = 0; path = "Test-EffectiveMobileTests.xctest"; sourceTree = BUILT_PRODUCTS_DIR; };
		6A4DD82628B7513F005B1827 /* Test_EffectiveMobileTests.swift */ = {isa = PBXFileReference; lastKnownFileType = sourcecode.swift; path = Test_EffectiveMobileTests.swift; sourceTree = "<group>"; };
		6A4DD82C28B7513F005B1827 /* Test-EffectiveMobileUITests.xctest */ = {isa = PBXFileReference; explicitFileType = wrapper.cfbundle; includeInIndex = 0; path = "Test-EffectiveMobileUITests.xctest"; sourceTree = BUILT_PRODUCTS_DIR; };
		6A4DD83028B7513F005B1827 /* Test_EffectiveMobileUITests.swift */ = {isa = PBXFileReference; lastKnownFileType = sourcecode.swift; path = Test_EffectiveMobileUITests.swift; sourceTree = "<group>"; };
		6A4DD83228B7513F005B1827 /* Test_EffectiveMobileUITestsLaunchTests.swift */ = {isa = PBXFileReference; lastKnownFileType = sourcecode.swift; path = Test_EffectiveMobileUITestsLaunchTests.swift; sourceTree = "<group>"; };
		6A4DD84228B751DD005B1827 /* NetworkManager.swift */ = {isa = PBXFileReference; lastKnownFileType = sourcecode.swift; path = NetworkManager.swift; sourceTree = "<group>"; };
		6A4DD84728B75BD5005B1827 /* CategoryCollectionViewCell.swift */ = {isa = PBXFileReference; lastKnownFileType = sourcecode.swift; path = CategoryCollectionViewCell.swift; sourceTree = "<group>"; };
		6A4DD84928B75C19005B1827 /* CategoryCollectionViewModel.swift */ = {isa = PBXFileReference; lastKnownFileType = sourcecode.swift; path = CategoryCollectionViewModel.swift; sourceTree = "<group>"; };
		6A4DD84B28B75D73005B1827 /* MainScreenPresenter.swift */ = {isa = PBXFileReference; lastKnownFileType = sourcecode.swift; path = MainScreenPresenter.swift; sourceTree = "<group>"; };
		6A4DD84D28B75FC2005B1827 /* DataManager.swift */ = {isa = PBXFileReference; lastKnownFileType = sourcecode.swift; path = DataManager.swift; sourceTree = "<group>"; };
/* End PBXFileReference section */

/* Begin PBXFrameworksBuildPhase section */
		6A4DD80928B7513D005B1827 /* Frameworks */ = {
			isa = PBXFrameworksBuildPhase;
			buildActionMask = 2147483647;
			files = (
			);
			runOnlyForDeploymentPostprocessing = 0;
		};
		6A4DD81F28B7513F005B1827 /* Frameworks */ = {
			isa = PBXFrameworksBuildPhase;
			buildActionMask = 2147483647;
			files = (
			);
			runOnlyForDeploymentPostprocessing = 0;
		};
		6A4DD82928B7513F005B1827 /* Frameworks */ = {
			isa = PBXFrameworksBuildPhase;
			buildActionMask = 2147483647;
			files = (
			);
			runOnlyForDeploymentPostprocessing = 0;
		};
/* End PBXFrameworksBuildPhase section */

/* Begin PBXGroup section */
		6A4DD80328B7513D005B1827 = {
			isa = PBXGroup;
			children = (
				6A4DD80E28B7513D005B1827 /* Test-EffectiveMobile */,
				6A4DD82528B7513F005B1827 /* Test-EffectiveMobileTests */,
				6A4DD82F28B7513F005B1827 /* Test-EffectiveMobileUITests */,
				6A4DD80D28B7513D005B1827 /* Products */,
			);
			sourceTree = "<group>";
		};
		6A4DD80D28B7513D005B1827 /* Products */ = {
			isa = PBXGroup;
			children = (
				6A4DD80C28B7513D005B1827 /* Test-EffectiveMobile.app */,
				6A4DD82228B7513F005B1827 /* Test-EffectiveMobileTests.xctest */,
				6A4DD82C28B7513F005B1827 /* Test-EffectiveMobileUITests.xctest */,
			);
			name = Products;
			sourceTree = "<group>";
		};
		6A4DD80E28B7513D005B1827 /* Test-EffectiveMobile */ = {
			isa = PBXGroup;
			children = (
				6A4DD84028B75182005B1827 /* App */,
				6A4DD84528B75AA1005B1827 /* Main screen */,
				6A4DD83F28B75161005B1827 /* Storyboards */,
				6A4DD84428B751E7005B1827 /* Service layer */,
				6A4DD84128B751B1005B1827 /* Resources */,
			);
			path = "Test-EffectiveMobile";
			sourceTree = "<group>";
		};
		6A4DD82528B7513F005B1827 /* Test-EffectiveMobileTests */ = {
			isa = PBXGroup;
			children = (
				6A4DD82628B7513F005B1827 /* Test_EffectiveMobileTests.swift */,
			);
			path = "Test-EffectiveMobileTests";
			sourceTree = "<group>";
		};
		6A4DD82F28B7513F005B1827 /* Test-EffectiveMobileUITests */ = {
			isa = PBXGroup;
			children = (
				6A4DD83028B7513F005B1827 /* Test_EffectiveMobileUITests.swift */,
				6A4DD83228B7513F005B1827 /* Test_EffectiveMobileUITestsLaunchTests.swift */,
			);
			path = "Test-EffectiveMobileUITests";
			sourceTree = "<group>";
		};
		6A4DD83F28B75161005B1827 /* Storyboards */ = {
			isa = PBXGroup;
			children = (
				6A4DD81528B7513D005B1827 /* Main.storyboard */,
				6A4DD81A28B7513E005B1827 /* LaunchScreen.storyboard */,
			);
			path = Storyboards;
			sourceTree = "<group>";
		};
		6A4DD84028B75182005B1827 /* App */ = {
			isa = PBXGroup;
			children = (
				6A4DD80F28B7513D005B1827 /* AppDelegate.swift */,
				6A4DD81128B7513D005B1827 /* SceneDelegate.swift */,
				6A4DD81D28B7513E005B1827 /* Info.plist */,
			);
			path = App;
			sourceTree = "<group>";
		};
		6A4DD84128B751B1005B1827 /* Resources */ = {
			isa = PBXGroup;
			children = (
				6A4DD81828B7513E005B1827 /* Assets.xcassets */,
			);
			path = Resources;
			sourceTree = "<group>";
		};
		6A4DD84428B751E7005B1827 /* Service layer */ = {
			isa = PBXGroup;
			children = (
				6A4DD84228B751DD005B1827 /* NetworkManager.swift */,
				6A4DD84D28B75FC2005B1827 /* DataManager.swift */,
			);
			path = "Service layer";
			sourceTree = "<group>";
		};
		6A4DD84528B75AA1005B1827 /* Main screen */ = {
			isa = PBXGroup;
			children = (
				6A4DD84628B75B86005B1827 /* CategoryCollectionViewCell */,
				6A4DD81328B7513D005B1827 /* MainScreenVC.swift */,
				6A4DD84B28B75D73005B1827 /* MainScreenPresenter.swift */,
			);
			path = "Main screen";
			sourceTree = "<group>";
		};
		6A4DD84628B75B86005B1827 /* CategoryCollectionViewCell */ = {
			isa = PBXGroup;
			children = (
				6A4DD84728B75BD5005B1827 /* CategoryCollectionViewCell.swift */,
				6A4DD84928B75C19005B1827 /* CategoryCollectionViewModel.swift */,
			);
			path = CategoryCollectionViewCell;
			sourceTree = "<group>";
		};
/* End PBXGroup section */

/* Begin PBXNativeTarget section */
		6A4DD80B28B7513D005B1827 /* Test-EffectiveMobile */ = {
			isa = PBXNativeTarget;
			buildConfigurationList = 6A4DD83628B7513F005B1827 /* Build configuration list for PBXNativeTarget "Test-EffectiveMobile" */;
			buildPhases = (
				6A4DD80828B7513D005B1827 /* Sources */,
				6A4DD80928B7513D005B1827 /* Frameworks */,
				6A4DD80A28B7513D005B1827 /* Resources */,
			);
			buildRules = (
			);
			dependencies = (
			);
			name = "Test-EffectiveMobile";
			productName = "Test-EffectiveMobile";
			productReference = 6A4DD80C28B7513D005B1827 /* Test-EffectiveMobile.app */;
			productType = "com.apple.product-type.application";
		};
		6A4DD82128B7513F005B1827 /* Test-EffectiveMobileTests */ = {
			isa = PBXNativeTarget;
			buildConfigurationList = 6A4DD83928B7513F005B1827 /* Build configuration list for PBXNativeTarget "Test-EffectiveMobileTests" */;
			buildPhases = (
				6A4DD81E28B7513F005B1827 /* Sources */,
				6A4DD81F28B7513F005B1827 /* Frameworks */,
				6A4DD82028B7513F005B1827 /* Resources */,
			);
			buildRules = (
			);
			dependencies = (
				6A4DD82428B7513F005B1827 /* PBXTargetDependency */,
			);
			name = "Test-EffectiveMobileTests";
			productName = "Test-EffectiveMobileTests";
			productReference = 6A4DD82228B7513F005B1827 /* Test-EffectiveMobileTests.xctest */;
			productType = "com.apple.product-type.bundle.unit-test";
		};
		6A4DD82B28B7513F005B1827 /* Test-EffectiveMobileUITests */ = {
			isa = PBXNativeTarget;
			buildConfigurationList = 6A4DD83C28B7513F005B1827 /* Build configuration list for PBXNativeTarget "Test-EffectiveMobileUITests" */;
			buildPhases = (
				6A4DD82828B7513F005B1827 /* Sources */,
				6A4DD82928B7513F005B1827 /* Frameworks */,
				6A4DD82A28B7513F005B1827 /* Resources */,
			);
			buildRules = (
			);
			dependencies = (
				6A4DD82E28B7513F005B1827 /* PBXTargetDependency */,
			);
			name = "Test-EffectiveMobileUITests";
			productName = "Test-EffectiveMobileUITests";
			productReference = 6A4DD82C28B7513F005B1827 /* Test-EffectiveMobileUITests.xctest */;
			productType = "com.apple.product-type.bundle.ui-testing";
		};
/* End PBXNativeTarget section */

/* Begin PBXProject section */
		6A4DD80428B7513D005B1827 /* Project object */ = {
			isa = PBXProject;
			attributes = {
				BuildIndependentTargetsInParallel = 1;
				LastSwiftUpdateCheck = 1340;
				LastUpgradeCheck = 1340;
				TargetAttributes = {
					6A4DD80B28B7513D005B1827 = {
						CreatedOnToolsVersion = 13.4.1;
					};
					6A4DD82128B7513F005B1827 = {
						CreatedOnToolsVersion = 13.4.1;
						TestTargetID = 6A4DD80B28B7513D005B1827;
					};
					6A4DD82B28B7513F005B1827 = {
						CreatedOnToolsVersion = 13.4.1;
						TestTargetID = 6A4DD80B28B7513D005B1827;
					};
				};
			};
			buildConfigurationList = 6A4DD80728B7513D005B1827 /* Build configuration list for PBXProject "Test-EffectiveMobile" */;
			compatibilityVersion = "Xcode 13.0";
			developmentRegion = en;
			hasScannedForEncodings = 0;
			knownRegions = (
				en,
				Base,
			);
			mainGroup = 6A4DD80328B7513D005B1827;
			productRefGroup = 6A4DD80D28B7513D005B1827 /* Products */;
			projectDirPath = "";
			projectRoot = "";
			targets = (
				6A4DD80B28B7513D005B1827 /* Test-EffectiveMobile */,
				6A4DD82128B7513F005B1827 /* Test-EffectiveMobileTests */,
				6A4DD82B28B7513F005B1827 /* Test-EffectiveMobileUITests */,
			);
		};
/* End PBXProject section */

/* Begin PBXResourcesBuildPhase section */
		6A4DD80A28B7513D005B1827 /* Resources */ = {
			isa = PBXResourcesBuildPhase;
			buildActionMask = 2147483647;
			files = (
				6A4DD81C28B7513E005B1827 /* LaunchScreen.storyboard in Resources */,
				6A4DD81928B7513E005B1827 /* Assets.xcassets in Resources */,
				6A4DD81728B7513D005B1827 /* Main.storyboard in Resources */,
			);
			runOnlyForDeploymentPostprocessing = 0;
		};
		6A4DD82028B7513F005B1827 /* Resources */ = {
			isa = PBXResourcesBuildPhase;
			buildActionMask = 2147483647;
			files = (
			);
			runOnlyForDeploymentPostprocessing = 0;
		};
		6A4DD82A28B7513F005B1827 /* Resources */ = {
			isa = PBXResourcesBuildPhase;
			buildActionMask = 2147483647;
			files = (
			);
			runOnlyForDeploymentPostprocessing = 0;
		};
/* End PBXResourcesBuildPhase section */

/* Begin PBXSourcesBuildPhase section */
		6A4DD80828B7513D005B1827 /* Sources */ = {
			isa = PBXSourcesBuildPhase;
			buildActionMask = 2147483647;
			files = (
				6A4DD84A28B75C19005B1827 /* CategoryCollectionViewModel.swift in Sources */,
				6A4DD84E28B75FC2005B1827 /* DataManager.swift in Sources */,
				6A4DD84328B751DD005B1827 /* NetworkManager.swift in Sources */,
				6A4DD84C28B75D73005B1827 /* MainScreenPresenter.swift in Sources */,
				6A4DD84828B75BD5005B1827 /* CategoryCollectionViewCell.swift in Sources */,
				6A4DD81428B7513D005B1827 /* MainScreenVC.swift in Sources */,
				6A4DD81028B7513D005B1827 /* AppDelegate.swift in Sources */,
				6A4DD81228B7513D005B1827 /* SceneDelegate.swift in Sources */,
			);
			runOnlyForDeploymentPostprocessing = 0;
		};
		6A4DD81E28B7513F005B1827 /* Sources */ = {
			isa = PBXSourcesBuildPhase;
			buildActionMask = 2147483647;
			files = (
				6A4DD82728B7513F005B1827 /* Test_EffectiveMobileTests.swift in Sources */,
			);
			runOnlyForDeploymentPostprocessing = 0;
		};
		6A4DD82828B7513F005B1827 /* Sources */ = {
			isa = PBXSourcesBuildPhase;
			buildActionMask = 2147483647;
			files = (
				6A4DD83328B7513F005B1827 /* Test_EffectiveMobileUITestsLaunchTests.swift in Sources */,
				6A4DD83128B7513F005B1827 /* Test_EffectiveMobileUITests.swift in Sources */,
			);
			runOnlyForDeploymentPostprocessing = 0;
		};
/* End PBXSourcesBuildPhase section */

/* Begin PBXTargetDependency section */
		6A4DD82428B7513F005B1827 /* PBXTargetDependency */ = {
			isa = PBXTargetDependency;
			target = 6A4DD80B28B7513D005B1827 /* Test-EffectiveMobile */;
			targetProxy = 6A4DD82328B7513F005B1827 /* PBXContainerItemProxy */;
		};
		6A4DD82E28B7513F005B1827 /* PBXTargetDependency */ = {
			isa = PBXTargetDependency;
			target = 6A4DD80B28B7513D005B1827 /* Test-EffectiveMobile */;
			targetProxy = 6A4DD82D28B7513F005B1827 /* PBXContainerItemProxy */;
		};
/* End PBXTargetDependency section */

/* Begin PBXVariantGroup section */
		6A4DD81528B7513D005B1827 /* Main.storyboard */ = {
			isa = PBXVariantGroup;
			children = (
				6A4DD81628B7513D005B1827 /* Base */,
			);
			name = Main.storyboard;
			sourceTree = "<group>";
		};
		6A4DD81A28B7513E005B1827 /* LaunchScreen.storyboard */ = {
			isa = PBXVariantGroup;
			children = (
				6A4DD81B28B7513E005B1827 /* Base */,
			);
			name = LaunchScreen.storyboard;
			sourceTree = "<group>";
		};
/* End PBXVariantGroup section */

/* Begin XCBuildConfiguration section */
		6A4DD83428B7513F005B1827 /* Debug */ = {
			isa = XCBuildConfiguration;
			buildSettings = {
				ALWAYS_SEARCH_USER_PATHS = NO;
				CLANG_ANALYZER_NONNULL = YES;
				CLANG_ANALYZER_NUMBER_OBJECT_CONVERSION = YES_AGGRESSIVE;
				CLANG_CXX_LANGUAGE_STANDARD = "gnu++17";
				CLANG_ENABLE_MODULES = YES;
				CLANG_ENABLE_OBJC_ARC = YES;
				CLANG_ENABLE_OBJC_WEAK = YES;
				CLANG_WARN_BLOCK_CAPTURE_AUTORELEASING = YES;
				CLANG_WARN_BOOL_CONVERSION = YES;
				CLANG_WARN_COMMA = YES;
				CLANG_WARN_CONSTANT_CONVERSION = YES;
				CLANG_WARN_DEPRECATED_OBJC_IMPLEMENTATIONS = YES;
				CLANG_WARN_DIRECT_OBJC_ISA_USAGE = YES_ERROR;
				CLANG_WARN_DOCUMENTATION_COMMENTS = YES;
				CLANG_WARN_EMPTY_BODY = YES;
				CLANG_WARN_ENUM_CONVERSION = YES;
				CLANG_WARN_INFINITE_RECURSION = YES;
				CLANG_WARN_INT_CONVERSION = YES;
				CLANG_WARN_NON_LITERAL_NULL_CONVERSION = YES;
				CLANG_WARN_OBJC_IMPLICIT_RETAIN_SELF = YES;
				CLANG_WARN_OBJC_LITERAL_CONVERSION = YES;
				CLANG_WARN_OBJC_ROOT_CLASS = YES_ERROR;
				CLANG_WARN_QUOTED_INCLUDE_IN_FRAMEWORK_HEADER = YES;
				CLANG_WARN_RANGE_LOOP_ANALYSIS = YES;
				CLANG_WARN_STRICT_PROTOTYPES = YES;
				CLANG_WARN_SUSPICIOUS_MOVE = YES;
				CLANG_WARN_UNGUARDED_AVAILABILITY = YES_AGGRESSIVE;
				CLANG_WARN_UNREACHABLE_CODE = YES;
				CLANG_WARN__DUPLICATE_METHOD_MATCH = YES;
				COPY_PHASE_STRIP = NO;
				DEBUG_INFORMATION_FORMAT = dwarf;
				ENABLE_STRICT_OBJC_MSGSEND = YES;
				ENABLE_TESTABILITY = YES;
				GCC_C_LANGUAGE_STANDARD = gnu11;
				GCC_DYNAMIC_NO_PIC = NO;
				GCC_NO_COMMON_BLOCKS = YES;
				GCC_OPTIMIZATION_LEVEL = 0;
				GCC_PREPROCESSOR_DEFINITIONS = (
					"DEBUG=1",
					"$(inherited)",
				);
				GCC_WARN_64_TO_32_BIT_CONVERSION = YES;
				GCC_WARN_ABOUT_RETURN_TYPE = YES_ERROR;
				GCC_WARN_UNDECLARED_SELECTOR = YES;
				GCC_WARN_UNINITIALIZED_AUTOS = YES_AGGRESSIVE;
				GCC_WARN_UNUSED_FUNCTION = YES;
				GCC_WARN_UNUSED_VARIABLE = YES;
				IPHONEOS_DEPLOYMENT_TARGET = 15.5;
				MTL_ENABLE_DEBUG_INFO = INCLUDE_SOURCE;
				MTL_FAST_MATH = YES;
				ONLY_ACTIVE_ARCH = YES;
				SDKROOT = iphoneos;
				SWIFT_ACTIVE_COMPILATION_CONDITIONS = DEBUG;
				SWIFT_OPTIMIZATION_LEVEL = "-Onone";
			};
			name = Debug;
		};
		6A4DD83528B7513F005B1827 /* Release */ = {
			isa = XCBuildConfiguration;
			buildSettings = {
				ALWAYS_SEARCH_USER_PATHS = NO;
				CLANG_ANALYZER_NONNULL = YES;
				CLANG_ANALYZER_NUMBER_OBJECT_CONVERSION = YES_AGGRESSIVE;
				CLANG_CXX_LANGUAGE_STANDARD = "gnu++17";
				CLANG_ENABLE_MODULES = YES;
				CLANG_ENABLE_OBJC_ARC = YES;
				CLANG_ENABLE_OBJC_WEAK = YES;
				CLANG_WARN_BLOCK_CAPTURE_AUTORELEASING = YES;
				CLANG_WARN_BOOL_CONVERSION = YES;
				CLANG_WARN_COMMA = YES;
				CLANG_WARN_CONSTANT_CONVERSION = YES;
				CLANG_WARN_DEPRECATED_OBJC_IMPLEMENTATIONS = YES;
				CLANG_WARN_DIRECT_OBJC_ISA_USAGE = YES_ERROR;
				CLANG_WARN_DOCUMENTATION_COMMENTS = YES;
				CLANG_WARN_EMPTY_BODY = YES;
				CLANG_WARN_ENUM_CONVERSION = YES;
				CLANG_WARN_INFINITE_RECURSION = YES;
				CLANG_WARN_INT_CONVERSION = YES;
				CLANG_WARN_NON_LITERAL_NULL_CONVERSION = YES;
				CLANG_WARN_OBJC_IMPLICIT_RETAIN_SELF = YES;
				CLANG_WARN_OBJC_LITERAL_CONVERSION = YES;
				CLANG_WARN_OBJC_ROOT_CLASS = YES_ERROR;
				CLANG_WARN_QUOTED_INCLUDE_IN_FRAMEWORK_HEADER = YES;
				CLANG_WARN_RANGE_LOOP_ANALYSIS = YES;
				CLANG_WARN_STRICT_PROTOTYPES = YES;
				CLANG_WARN_SUSPICIOUS_MOVE = YES;
				CLANG_WARN_UNGUARDED_AVAILABILITY = YES_AGGRESSIVE;
				CLANG_WARN_UNREACHABLE_CODE = YES;
				CLANG_WARN__DUPLICATE_METHOD_MATCH = YES;
				COPY_PHASE_STRIP = NO;
				DEBUG_INFORMATION_FORMAT = "dwarf-with-dsym";
				ENABLE_NS_ASSERTIONS = NO;
				ENABLE_STRICT_OBJC_MSGSEND = YES;
				GCC_C_LANGUAGE_STANDARD = gnu11;
				GCC_NO_COMMON_BLOCKS = YES;
				GCC_WARN_64_TO_32_BIT_CONVERSION = YES;
				GCC_WARN_ABOUT_RETURN_TYPE = YES_ERROR;
				GCC_WARN_UNDECLARED_SELECTOR = YES;
				GCC_WARN_UNINITIALIZED_AUTOS = YES_AGGRESSIVE;
				GCC_WARN_UNUSED_FUNCTION = YES;
				GCC_WARN_UNUSED_VARIABLE = YES;
				IPHONEOS_DEPLOYMENT_TARGET = 15.5;
				MTL_ENABLE_DEBUG_INFO = NO;
				MTL_FAST_MATH = YES;
				SDKROOT = iphoneos;
				SWIFT_COMPILATION_MODE = wholemodule;
				SWIFT_OPTIMIZATION_LEVEL = "-O";
				VALIDATE_PRODUCT = YES;
			};
			name = Release;
		};
		6A4DD83728B7513F005B1827 /* Debug */ = {
			isa = XCBuildConfiguration;
			buildSettings = {
				ASSETCATALOG_COMPILER_APPICON_NAME = AppIcon;
				ASSETCATALOG_COMPILER_GLOBAL_ACCENT_COLOR_NAME = AccentColor;
				CODE_SIGN_STYLE = Automatic;
				CURRENT_PROJECT_VERSION = 1;
				DEVELOPMENT_TEAM = PW697ZQRTK;
				GENERATE_INFOPLIST_FILE = YES;
				INFOPLIST_FILE = "Test-EffectiveMobile/App/Info.plist";
				INFOPLIST_KEY_UIApplicationSupportsIndirectInputEvents = YES;
				INFOPLIST_KEY_UILaunchStoryboardName = LaunchScreen;
				INFOPLIST_KEY_UIMainStoryboardFile = Main;
				INFOPLIST_KEY_UISupportedInterfaceOrientations = UIInterfaceOrientationPortrait;
				INFOPLIST_KEY_UISupportedInterfaceOrientations_iPad = "UIInterfaceOrientationPortrait UIInterfaceOrientationPortraitUpsideDown UIInterfaceOrientationLandscapeLeft UIInterfaceOrientationLandscapeRight";
				INFOPLIST_KEY_UISupportedInterfaceOrientations_iPhone = "UIInterfaceOrientationPortrait UIInterfaceOrientationLandscapeLeft UIInterfaceOrientationLandscapeRight";
				IPHONEOS_DEPLOYMENT_TARGET = 13.0;
				LD_RUNPATH_SEARCH_PATHS = (
					"$(inherited)",
					"@executable_path/Frameworks",
				);
				MARKETING_VERSION = 1.0;
				PRODUCT_BUNDLE_IDENTIFIER = "ta.Test-EffectiveMobile";
				PRODUCT_NAME = "$(TARGET_NAME)";
				SWIFT_EMIT_LOC_STRINGS = YES;
				SWIFT_VERSION = 5.0;
				TARGETED_DEVICE_FAMILY = 1;
			};
			name = Debug;
		};
		6A4DD83828B7513F005B1827 /* Release */ = {
			isa = XCBuildConfiguration;
			buildSettings = {
				ASSETCATALOG_COMPILER_APPICON_NAME = AppIcon;
				ASSETCATALOG_COMPILER_GLOBAL_ACCENT_COLOR_NAME = AccentColor;
				CODE_SIGN_STYLE = Automatic;
				CURRENT_PROJECT_VERSION = 1;
				DEVELOPMENT_TEAM = PW697ZQRTK;
				GENERATE_INFOPLIST_FILE = YES;
				INFOPLIST_FILE = "Test-EffectiveMobile/App/Info.plist";
				INFOPLIST_KEY_UIApplicationSupportsIndirectInputEvents = YES;
				INFOPLIST_KEY_UILaunchStoryboardName = LaunchScreen;
				INFOPLIST_KEY_UIMainStoryboardFile = Main;
				INFOPLIST_KEY_UISupportedInterfaceOrientations = UIInterfaceOrientationPortrait;
				INFOPLIST_KEY_UISupportedInterfaceOrientations_iPad = "UIInterfaceOrientationPortrait UIInterfaceOrientationPortraitUpsideDown UIInterfaceOrientationLandscapeLeft UIInterfaceOrientationLandscapeRight";
				INFOPLIST_KEY_UISupportedInterfaceOrientations_iPhone = "UIInterfaceOrientationPortrait UIInterfaceOrientationLandscapeLeft UIInterfaceOrientationLandscapeRight";
				IPHONEOS_DEPLOYMENT_TARGET = 13.0;
				LD_RUNPATH_SEARCH_PATHS = (
					"$(inherited)",
					"@executable_path/Frameworks",
				);
				MARKETING_VERSION = 1.0;
				PRODUCT_BUNDLE_IDENTIFIER = "ta.Test-EffectiveMobile";
				PRODUCT_NAME = "$(TARGET_NAME)";
				SWIFT_EMIT_LOC_STRINGS = YES;
				SWIFT_VERSION = 5.0;
				TARGETED_DEVICE_FAMILY = 1;
			};
			name = Release;
		};
		6A4DD83A28B7513F005B1827 /* Debug */ = {
			isa = XCBuildConfiguration;
			buildSettings = {
				ALWAYS_EMBED_SWIFT_STANDARD_LIBRARIES = YES;
				BUNDLE_LOADER = "$(TEST_HOST)";
				CODE_SIGN_STYLE = Automatic;
				CURRENT_PROJECT_VERSION = 1;
				DEVELOPMENT_TEAM = PW697ZQRTK;
				GENERATE_INFOPLIST_FILE = YES;
				IPHONEOS_DEPLOYMENT_TARGET = 15.5;
				MARKETING_VERSION = 1.0;
				PRODUCT_BUNDLE_IDENTIFIER = "ta.Test-EffectiveMobileTests";
				PRODUCT_NAME = "$(TARGET_NAME)";
				SWIFT_EMIT_LOC_STRINGS = NO;
				SWIFT_VERSION = 5.0;
				TARGETED_DEVICE_FAMILY = "1,2";
				TEST_HOST = "$(BUILT_PRODUCTS_DIR)/Test-EffectiveMobile.app/Test-EffectiveMobile";
			};
			name = Debug;
		};
		6A4DD83B28B7513F005B1827 /* Release */ = {
			isa = XCBuildConfiguration;
			buildSettings = {
				ALWAYS_EMBED_SWIFT_STANDARD_LIBRARIES = YES;
				BUNDLE_LOADER = "$(TEST_HOST)";
				CODE_SIGN_STYLE = Automatic;
				CURRENT_PROJECT_VERSION = 1;
				DEVELOPMENT_TEAM = PW697ZQRTK;
				GENERATE_INFOPLIST_FILE = YES;
				IPHONEOS_DEPLOYMENT_TARGET = 15.5;
				MARKETING_VERSION = 1.0;
				PRODUCT_BUNDLE_IDENTIFIER = "ta.Test-EffectiveMobileTests";
				PRODUCT_NAME = "$(TARGET_NAME)";
				SWIFT_EMIT_LOC_STRINGS = NO;
				SWIFT_VERSION = 5.0;
				TARGETED_DEVICE_FAMILY = "1,2";
				TEST_HOST = "$(BUILT_PRODUCTS_DIR)/Test-EffectiveMobile.app/Test-EffectiveMobile";
			};
			name = Release;
		};
		6A4DD83D28B7513F005B1827 /* Debug */ = {
			isa = XCBuildConfiguration;
			buildSettings = {
				ALWAYS_EMBED_SWIFT_STANDARD_LIBRARIES = YES;
				CODE_SIGN_STYLE = Automatic;
				CURRENT_PROJECT_VERSION = 1;
				DEVELOPMENT_TEAM = PW697ZQRTK;
				GENERATE_INFOPLIST_FILE = YES;
				MARKETING_VERSION = 1.0;
				PRODUCT_BUNDLE_IDENTIFIER = "ta.Test-EffectiveMobileUITests";
				PRODUCT_NAME = "$(TARGET_NAME)";
				SWIFT_EMIT_LOC_STRINGS = NO;
				SWIFT_VERSION = 5.0;
				TARGETED_DEVICE_FAMILY = "1,2";
				TEST_TARGET_NAME = "Test-EffectiveMobile";
			};
			name = Debug;
		};
		6A4DD83E28B7513F005B1827 /* Release */ = {
			isa = XCBuildConfiguration;
			buildSettings = {
				ALWAYS_EMBED_SWIFT_STANDARD_LIBRARIES = YES;
				CODE_SIGN_STYLE = Automatic;
				CURRENT_PROJECT_VERSION = 1;
				DEVELOPMENT_TEAM = PW697ZQRTK;
				GENERATE_INFOPLIST_FILE = YES;
				MARKETING_VERSION = 1.0;
				PRODUCT_BUNDLE_IDENTIFIER = "ta.Test-EffectiveMobileUITests";
				PRODUCT_NAME = "$(TARGET_NAME)";
				SWIFT_EMIT_LOC_STRINGS = NO;
				SWIFT_VERSION = 5.0;
				TARGETED_DEVICE_FAMILY = "1,2";
				TEST_TARGET_NAME = "Test-EffectiveMobile";
			};
			name = Release;
		};
/* End XCBuildConfiguration section */

/* Begin XCConfigurationList section */
		6A4DD80728B7513D005B1827 /* Build configuration list for PBXProject "Test-EffectiveMobile" */ = {
			isa = XCConfigurationList;
			buildConfigurations = (
				6A4DD83428B7513F005B1827 /* Debug */,
				6A4DD83528B7513F005B1827 /* Release */,
			);
			defaultConfigurationIsVisible = 0;
			defaultConfigurationName = Release;
		};
		6A4DD83628B7513F005B1827 /* Build configuration list for PBXNativeTarget "Test-EffectiveMobile" */ = {
			isa = XCConfigurationList;
			buildConfigurations = (
				6A4DD83728B7513F005B1827 /* Debug */,
				6A4DD83828B7513F005B1827 /* Release */,
			);
			defaultConfigurationIsVisible = 0;
			defaultConfigurationName = Release;
		};
		6A4DD83928B7513F005B1827 /* Build configuration list for PBXNativeTarget "Test-EffectiveMobileTests" */ = {
			isa = XCConfigurationList;
			buildConfigurations = (
				6A4DD83A28B7513F005B1827 /* Debug */,
				6A4DD83B28B7513F005B1827 /* Release */,
			);
			defaultConfigurationIsVisible = 0;
			defaultConfigurationName = Release;
		};
		6A4DD83C28B7513F005B1827 /* Build configuration list for PBXNativeTarget "Test-EffectiveMobileUITests" */ = {
			isa = XCConfigurationList;
			buildConfigurations = (
				6A4DD83D28B7513F005B1827 /* Debug */,
				6A4DD83E28B7513F005B1827 /* Release */,
			);
			defaultConfigurationIsVisible = 0;
			defaultConfigurationName = Release;
		};
/* End XCConfigurationList section */
	};
	rootObject = 6A4DD80428B7513D005B1827 /* Project object */;
}
